
Microsoft Visual Studio Solution File, Format Version 12.00
# Visual Studio Version 17
VisualStudioVersion = 17.8.34309.116
MinimumVisualStudioVersion = 10.0.40219.1
Project("{FAE04EC0-301F-11D3-BF4B-00C04F79EFBC}") = "Ancestry", "Ancestry\Ancestry.csproj", "{A255936A-C2D3-4CF2-9DCF-40651CD31D66}"
EndProject
Global
	GlobalSection(SolutionConfigurationPlatforms) = preSolution
		Debug|Any CPU = Debug|Any CPU
		Release|Any CPU = Release|Any CPU
	EndGlobalSection
	GlobalSection(ProjectConfigurationPlatforms) = postSolution
		{A255936A-C2D3-4CF2-9DCF-40651CD31D66}.Debug|Any CPU.ActiveCfg = Debug|Any CPU
		{A255936A-C2D3-4CF2-9DCF-40651CD31D66}.Debug|Any CPU.Build.0 = Debug|Any CPU
		{A255936A-C2D3-4CF2-9DCF-40651CD31D66}.Release|Any CPU.ActiveCfg = Release|Any CPU
		{A255936A-C2D3-4CF2-9DCF-40651CD31D66}.Release|Any CPU.Build.0 = Release|Any CPU
	EndGlobalSection
	GlobalSection(SolutionProperties) = preSolution
		HideSolutionNode = FALSE
	EndGlobalSection
	GlobalSection(ExtensibilityGlobals) = postSolution
		SolutionGuid = {2AEF3986-9D7D-4D85-B806-F3628121FBF5}
	EndGlobalSection
EndGlobal
